<?xml version="1.0" encoding="utf-8"?>
<Project ToolsVersion="4.0" xmlns="http://schemas.microsoft.com/developer/msbuild/2003">
  <ItemGroup>
    <ClCompile Include="main.cpp" />
    <ClCompile Include="..\src\App\App.cpp">
      <Filter>App</Filter>
    </ClCompile>
    <ClCompile Include="..\include\imgui\imgui.cpp">
      <Filter>ImGUI</Filter>
    </ClCompile>
    <ClCompile Include="..\include\imgui\imgui_demo.cpp">
      <Filter>ImGUI</Filter>
    </ClCompile>
    <ClCompile Include="..\include\imgui\imgui_draw.cpp">
      <Filter>ImGUI</Filter>
    </ClCompile>
    <ClCompile Include="..\include\imgui\imgui_tables.cpp">
      <Filter>ImGUI</Filter>
    </ClCompile>
    <ClCompile Include="..\include\imgui\imgui_widgets.cpp">
      <Filter>ImGUI</Filter>
    </ClCompile>
    <ClCompile Include="..\include\imgui\backends\imgui_impl_glfw.cpp">
      <Filter>ImGUI\backends</Filter>
    </ClCompile>
    <ClCompile Include="..\include\imgui\backends\imgui_impl_opengl3.cpp">
      <Filter>ImGUI\backends</Filter>
    </ClCompile>
    <ClCompile Include="..\src\Scene\MainScene.cpp">
      <Filter>Scene</Filter>
    </ClCompile>
    <ClCompile Include="..\src\Scene\Camera.cpp">
      <Filter>Scene</Filter>
    </ClCompile>
    <ClCompile Include="..\src\Graphic\ShaderProgram\ShaderProgram.cpp">
      <Filter>Graphic\ShaderProgram</Filter>
    </ClCompile>
    <ClCompile Include="..\src\Graphic\UBO.cpp">
      <Filter>Graphic</Filter>
    </ClCompile>
    <ClCompile Include="..\src\Graphic\VAO.cpp">
      <Filter>Graphic</Filter>
    </ClCompile>
    <ClCompile Include="..\src\Model\Model.cpp">
      <Filter>Model</Filter>
    </ClCompile>
    <ClCompile Include="..\src\Model\Part.cpp">
      <Filter>Model</Filter>
    </ClCompile>
    <ClCompile Include="..\src\Scene\SceneGraph\Node.cpp">
      <Filter>Scene\SceneGraph</Filter>
    </ClCompile>
    <ClCompile Include="..\src\Utilty\Error.cpp">
      <Filter>Utility</Filter>
    </ClCompile>
    <ClCompile Include="..\src\Animation\AnimationClip.cpp">
      <Filter>Animation</Filter>
    </ClCompile>
    <ClCompile Include="..\src\Animation\Animator.cpp">
      <Filter>Animation</Filter>
    </ClCompile>
    <ClCompile Include="..\src\Window\GUI.cpp">
      <Filter>Window</Filter>
    </ClCompile>
    <ClCompile Include="..\src\Scene\Light.cpp">
      <Filter>Scene</Filter>
    </ClCompile>
    <ClCompile Include="..\src\Graphic\EBO.cpp">
      <Filter>Graphic</Filter>
    </ClCompile>
    <ClCompile Include="..\src\Graphic\Material\Texture.cpp">
      <Filter>Graphic\Material</Filter>
    </ClCompile>
    <ClCompile Include="..\src\Graphic\Material\Material.cpp">
      <Filter>Graphic\Material</Filter>
    </ClCompile>
    <ClCompile Include="..\src\Graphic\Material\MaterialManager.cpp">
      <Filter>Graphic\Material</Filter>
    </ClCompile>
    <ClCompile Include="..\src\Model\Object.cpp">
      <Filter>Model</Filter>
    </ClCompile>
    <ClCompile Include="..\src\Model\LoadedObject.cpp">
      <Filter>Model</Filter>
    </ClCompile>
    <ClCompile Include="..\src\Model\ManualObject.cpp">
      <Filter>Model</Filter>
    </ClCompile>
    <ClCompile Include="..\src\Model\SkyBox.cpp">
      <Filter>Model</Filter>
    </ClCompile>
    <ClCompile Include="..\src\Effect\Effect.cpp">
      <Filter>Effect</Filter>
    </ClCompile>
    <ClCompile Include="..\src\Graphic\FBO.cpp">
      <Filter>Graphic</Filter>
    </ClCompile>
    <ClCompile Include="..\src\Effect\Emitter.cpp">
      <Filter>Effect</Filter>
    </ClCompile>
    <ClCompile Include="..\src\Graphic\ShaderProgram\ComputeShader.cpp">
      <Filter>Graphic\ShaderProgram</Filter>
    </ClCompile>
    <ClCompile Include="..\src\Graphic\ShaderProgram\GraphicShader.cpp">
      <Filter>Graphic\ShaderProgram</Filter>
    </ClCompile>
    <ClCompile Include="..\src\Effect\ParticleSystem.cpp">
      <Filter>Effect</Filter>
    </ClCompile>
  </ItemGroup>
  <ItemGroup>
    <Filter Include="App">
      <UniqueIdentifier>{14c3de85-933d-4426-88f1-3f11ba6e494c}</UniqueIdentifier>
    </Filter>
    <Filter Include="ImGUI">
      <UniqueIdentifier>{38940e0d-a62b-4d27-adc6-30fa85a47742}</UniqueIdentifier>
    </Filter>
    <Filter Include="ImGUI\backends">
      <UniqueIdentifier>{481e81f8-69ee-4b09-a57d-cde1e63407ee}</UniqueIdentifier>
    </Filter>
    <Filter Include="Utility">
      <UniqueIdentifier>{81d06d86-e32c-403f-8af1-d06f762a7a50}</UniqueIdentifier>
    </Filter>
    <Filter Include="Window">
      <UniqueIdentifier>{187d3d12-3803-44fb-b99a-fb667b621b04}</UniqueIdentifier>
    </Filter>
    <Filter Include="Scene">
      <UniqueIdentifier>{e341a3e5-cdcc-4216-b5fc-da9c07bd2fab}</UniqueIdentifier>
    </Filter>
    <Filter Include="Shader">
      <UniqueIdentifier>{f42179a4-6f25-421f-922b-7a6516fe0c86}</UniqueIdentifier>
    </Filter>
    <Filter Include="Model">
      <UniqueIdentifier>{240d0fbe-958b-47c9-95c6-5fc1630323e3}</UniqueIdentifier>
    </Filter>
    <Filter Include="Graphic">
      <UniqueIdentifier>{87bbac04-954d-47f0-843d-bc3066adb7dd}</UniqueIdentifier>
    </Filter>
    <Filter Include="Graphic\ShaderProgram">
      <UniqueIdentifier>{d8f5c8a1-e9f2-4506-bae0-0139a89dd406}</UniqueIdentifier>
    </Filter>
    <Filter Include="Scene\SceneGraph">
      <UniqueIdentifier>{e7f04319-b11d-4eff-914c-b63954d951be}</UniqueIdentifier>
    </Filter>
    <Filter Include="Animation">
      <UniqueIdentifier>{1fe2ccf8-63d2-42d5-bad6-27ca5250cef5}</UniqueIdentifier>
    </Filter>
    <Filter Include="Graphic\Material">
      <UniqueIdentifier>{0cd95dbd-ef08-4102-973b-5336672eb4c4}</UniqueIdentifier>
    </Filter>
    <Filter Include="Effect">
      <UniqueIdentifier>{802d4a75-50fc-4545-a8f0-3ac4603b2ef1}</UniqueIdentifier>
    </Filter>
  </ItemGroup>
  <ItemGroup>
    <ClInclude Include="..\src\App\App.h">
      <Filter>App</Filter>
    </ClInclude>
    <ClInclude Include="..\include\imgui\imconfig.h">
      <Filter>ImGUI</Filter>
    </ClInclude>
    <ClInclude Include="..\include\imgui\imgui.h">
      <Filter>ImGUI</Filter>
    </ClInclude>
    <ClInclude Include="..\include\imgui\imgui_internal.h">
      <Filter>ImGUI</Filter>
    </ClInclude>
    <ClInclude Include="..\include\imgui\backends\imgui_impl_glfw.h">
      <Filter>ImGUI\backends</Filter>
    </ClInclude>
    <ClInclude Include="..\include\imgui\backends\imgui_impl_opengl3.h">
      <Filter>ImGUI\backends</Filter>
    </ClInclude>
    <ClInclude Include="..\include\imgui\backends\imgui_impl_opengl3_loader.h">
      <Filter>ImGUI\backends</Filter>
    </ClInclude>
    <ClInclude Include="..\src\Scene\MainScene.h">
      <Filter>Scene</Filter>
    </ClInclude>
    <ClInclude Include="..\src\Scene\Camera.h">
      <Filter>Scene</Filter>
    </ClInclude>
    <ClInclude Include="..\src\stb_image.h" />
    <ClInclude Include="..\src\Graphic\ShaderProgram\ShaderProgram.h">
      <Filter>Graphic\ShaderProgram</Filter>
    </ClInclude>
    <ClInclude Include="..\src\Graphic\UBO.h">
      <Filter>Graphic</Filter>
    </ClInclude>
    <ClInclude Include="..\src\Graphic\VAO.h">
      <Filter>Graphic</Filter>
    </ClInclude>
    <ClInclude Include="..\src\Graphic\VBO.h">
      <Filter>Graphic</Filter>
    </ClInclude>
    <ClInclude Include="..\src\Model\Model.h">
      <Filter>Model</Filter>
    </ClInclude>
    <ClInclude Include="..\src\Model\Part.h">
      <Filter>Model</Filter>
    </ClInclude>
    <ClInclude Include="..\src\Scene\SceneGraph\Node.h">
      <Filter>Scene\SceneGraph</Filter>
    </ClInclude>
    <ClInclude Include="..\src\Utilty\Error.h">
      <Filter>Utility</Filter>
    </ClInclude>
    <ClInclude Include="..\src\Animation\Animator.h">
      <Filter>Animation</Filter>
    </ClInclude>
    <ClInclude Include="..\src\Animation\AnimationClip.h">
      <Filter>Animation</Filter>
    </ClInclude>
    <ClInclude Include="..\src\Window\GUI.h">
      <Filter>Window</Filter>
    </ClInclude>
    <ClInclude Include="..\src\Scene\Light.h">
      <Filter>Scene</Filter>
    </ClInclude>
    <ClInclude Include="..\src\Graphic\EBO.h">
      <Filter>Graphic</Filter>
    </ClInclude>
    <ClInclude Include="..\src\Graphic\Material\Texture.h">
      <Filter>Graphic\Material</Filter>
    </ClInclude>
    <ClInclude Include="..\src\Graphic\Material\Material.h">
      <Filter>Graphic\Material</Filter>
    </ClInclude>
    <ClInclude Include="..\src\Graphic\Material\MaterialManager.h">
      <Filter>Graphic\Material</Filter>
    </ClInclude>
    <ClInclude Include="..\src\Model\Object.h">
      <Filter>Model</Filter>
    </ClInclude>
    <ClInclude Include="..\src\Model\LoadedObject.h">
      <Filter>Model</Filter>
    </ClInclude>
    <ClInclude Include="..\src\Model\ManualObject.h">
      <Filter>Model</Filter>
    </ClInclude>
    <ClInclude Include="..\src\Model\SkyBox.h">
      <Filter>Model</Filter>
    </ClInclude>
    <ClInclude Include="..\src\Effect\Effect.h">
      <Filter>Effect</Filter>
    </ClInclude>
    <ClInclude Include="..\src\Graphic\FBO.h">
      <Filter>Graphic</Filter>
    </ClInclude>
    <ClInclude Include="..\src\Effect\Emitter.h">
      <Filter>Effect</Filter>
    </ClInclude>
    <ClInclude Include="..\src\Graphic\SSBO.h">
      <Filter>Graphic</Filter>
    </ClInclude>
    <ClInclude Include="..\src\Graphic\ShaderProgram\ComputeShader.h">
      <Filter>Graphic\ShaderProgram</Filter>
    </ClInclude>
    <ClInclude Include="..\src\Graphic\ShaderProgram\GraphicShader.h">
      <Filter>Graphic\ShaderProgram</Filter>
    </ClInclude>
    <ClInclude Include="..\src\Effect\ParticleSystem.h">
      <Filter>Effect</Filter>
    </ClInclude>
    <ClInclude Include="..\src\Graphic\StorageBuffer.h">
      <Filter>Graphic</Filter>
    </ClInclude>
  </ItemGroup>
  <ItemGroup>
    <None Include="..\res\shaders\Phong_Vertex.vp">
      <Filter>Shader</Filter>
    </None>
    <None Include="..\res\shaders\Phong_Fragment.fp">
      <Filter>Shader</Filter>
    </None>
    <None Include="..\res\shaders\Obj_Fragment.fp">
      <Filter>Shader</Filter>
    </None>
    <None Include="..\res\shaders\Obj_Vertex.vp">
      <Filter>Shader</Filter>
    </None>
    <None Include="..\res\shaders\SkyBox_Fragment.fp">
      <Filter>Shader</Filter>
    </None>
    <None Include="..\res\shaders\SkyBox_Vertex.vp">
      <Filter>Shader</Filter>
    </None>
    <None Include="..\res\shaders\Fire.cp">
      <Filter>Shader</Filter>
    </None>
    <None Include="..\res\shaders\ParticleSystem.fp">
      <Filter>Shader</Filter>
    </None>
    <None Include="..\res\shaders\ParticleSystem.vp">
      <Filter>Shader</Filter>
    </None>
  </ItemGroup>
</Project>